{
  "nodes": {
    "dircolors-solarized": {
      "flake": false,
      "locked": {
        "lastModified": 1681732165,
        "narHash": "sha256-iMNo+TW8eMWveL6cI+PQ4F8KkeFvZLtk7Q+yz26QZ/U=",
        "owner": "seebi",
        "repo": "dircolors-solarized",
        "rev": "31b262c99a81bd8e3bbba03ff35d8dfa6db73a08",
        "type": "github"
      },
      "original": {
        "owner": "seebi",
        "repo": "dircolors-solarized",
        "type": "github"
      }
    },
    "flake-utils": {
      "inputs": {
        "systems": "systems"
      },
      "locked": {
        "lastModified": 1689068808,
        "narHash": "sha256-6ixXo3wt24N/melDWjq70UuHQLxGV8jZvooRanIHXw0=",
        "owner": "numtide",
        "repo": "flake-utils",
        "rev": "919d646de7be200f3bf08cb76ae1f09402b6f9b4",
        "type": "github"
      },
      "original": {
        "owner": "numtide",
        "repo": "flake-utils",
        "type": "github"
      }
    },
    "gef": {
      "flake": false,
      "locked": {
        "lastModified": 1691267516,
        "narHash": "sha256-tMtuR+lhu8FE0b7hmOsc1FcZouQ3D56AP7mVUbcWuPg=",
        "owner": "hugsy",
        "repo": "gef",
        "rev": "a825c8413d8a432b09f75132fe1d83803c2b906f",
        "type": "github"
      },
      "original": {
        "owner": "hugsy",
        "ref": "dev",
        "repo": "gef",
        "type": "github"
      }
    },
    "gef-extras": {
      "flake": false,
      "locked": {
        "lastModified": 1691339325,
        "narHash": "sha256-Comdr1/LwmOFLS44XRdkl1H67zfWlbwLQxfXRw7TRDU=",
        "owner": "hugsy",
        "repo": "gef-extras",
        "rev": "4ff17f903543ded9425c3d91c33e7a46739e99df",
        "type": "github"
      },
      "original": {
        "owner": "hugsy",
        "repo": "gef-extras",
        "type": "github"
      }
    },
    "home-manager": {
      "inputs": {
        "nixpkgs": [
          "nixos-unstable"
        ]
      },
      "locked": {
        "lastModified": 1691312444,
        "narHash": "sha256-J9e9dGwAPTX+UlAn8jehoyaEq6fwK+L+gunfx0cYT4E=",
        "owner": "nix-community",
        "repo": "home-manager",
        "rev": "903e06d734bcae48efb79b9afd51b406d2744179",
        "type": "github"
      },
      "original": {
        "owner": "nix-community",
        "repo": "home-manager",
        "type": "github"
      }
    },
    "mutt-colors-solarized": {
      "flake": false,
      "locked": {
        "lastModified": 1301122944,
        "narHash": "sha256-UWQ4M3/4PsZzt3UZguy10WufXDOp7IKABzgVjkGNJNQ=",
        "owner": "altercation",
        "repo": "mutt-colors-solarized",
        "rev": "3b23c55eb43849975656dd89e3f35dacd2b93e69",
        "type": "github"
      },
      "original": {
        "owner": "altercation",
        "repo": "mutt-colors-solarized",
        "type": "github"
      }
    },
    "nixos-stable": {
      "locked": {
        "lastModified": 1691328192,
        "narHash": "sha256-w59N1zyDQ7SupfMJLFvtms/SIVbdryqlw5AS4+DiH+Y=",
        "owner": "NixOS",
        "repo": "nixpkgs",
        "rev": "61676e4dcfeeb058f255294bcb08ea7f3bc3ce56",
        "type": "github"
      },
      "original": {
        "owner": "NixOS",
        "ref": "nixos-23.05",
        "repo": "nixpkgs",
        "type": "github"
      }
    },
    "nixos-unstable": {
      "locked": {
        "lastModified": 1691368598,
        "narHash": "sha256-ia7li22keBBbj02tEdqjVeLtc7ZlSBuhUk+7XTUFr14=",
        "owner": "NixOS",
        "repo": "nixpkgs",
        "rev": "5a8e9243812ba528000995b294292d3b5e120947",
        "type": "github"
      },
      "original": {
        "owner": "NixOS",
        "ref": "nixos-unstable",
        "repo": "nixpkgs",
        "type": "github"
      }
    },
    "nixpkgs-master": {
      "locked": {
        "lastModified": 1691418107,
        "narHash": "sha256-2MIv7kaWFmIw29ULy44UmCusLT9S2rAdEdTdI359acc=",
        "owner": "NixOS",
        "repo": "nixpkgs",
        "rev": "3013bd06cbe7a22c09b2e7942d787b31ca210ce4",
        "type": "github"
      },
      "original": {
        "owner": "NixOS",
        "ref": "master",
        "repo": "nixpkgs",
        "type": "github"
      }
    },
    "nur": {
      "locked": {
        "lastModified": 1691410813,
        "narHash": "sha256-khyrWULs4+wHc3c545yHchsK/p8Ej4vAx7Tflgeq1oE=",
        "owner": "nix-community",
        "repo": "NUR",
        "rev": "7038553b4660dbac2a11f24ceb9f7282b1ece316",
        "type": "github"
      },
      "original": {
        "owner": "nix-community",
        "repo": "NUR",
        "type": "github"
      }
    },
    "root": {
      "inputs": {
        "dircolors-solarized": "dircolors-solarized",
        "flake-utils": "flake-utils",
        "gef": "gef",
        "gef-extras": "gef-extras",
        "home-manager": "home-manager",
        "mutt-colors-solarized": "mutt-colors-solarized",
        "nixos-stable": "nixos-stable",
        "nixos-unstable": "nixos-unstable",
        "nixpkgs-master": "nixpkgs-master",
        "nur": "nur",
        "tinyfugue-patched": "tinyfugue-patched",
        "vim-solarized8": "vim-solarized8",
        "xresources-solarized": "xresources-solarized",
        "zsh-async": "zsh-async",
        "zsh-auto-notify": "zsh-auto-notify"
      }
    },
    "systems": {
      "locked": {
        "lastModified": 1681028828,
        "narHash": "sha256-Vy1rq5AaRuLzOxct8nz4T6wlgyUR7zLU309k9mBC768=",
        "owner": "nix-systems",
        "repo": "default",
        "rev": "da67096a3b9bf56a91d16901293e51ba5b49a27e",
        "type": "github"
      },
      "original": {
        "owner": "nix-systems",
        "repo": "default",
        "type": "github"
      }
    },
    "tinyfugue-patched": {
      "flake": false,
      "locked": {
        "lastModified": 1691397328,
        "narHash": "sha256-3afJMcudJ5NsHDinO/uteO23oBEI+2faP+tXAXLYkpM=",
        "owner": "ingwarsw",
        "repo": "tinyfugue",
        "rev": "fe5dd0526675a68f498b370c8d31b2bf74edad4f",
        "type": "github"
      },
      "original": {
        "owner": "ingwarsw",
        "repo": "tinyfugue",
        "type": "github"
      }
    },
    "vim-solarized8": {
      "flake": false,
      "locked": {
        "lastModified": 1691175471,
        "narHash": "sha256-+Vig8d+vZPL2XOKqpYj3Kz4HcUQPNyf0z61lF4khh00=",
        "owner": "lifepillar",
        "repo": "vim-solarized8",
        "rev": "6815a09f01731c93938156b67959c75a7a7c02bf",
        "type": "github"
      },
      "original": {
        "owner": "lifepillar",
        "repo": "vim-solarized8",
        "type": "github"
      }
    },
    "xresources-solarized": {
      "flake": false,
      "locked": {
        "lastModified": 1430001079,
        "narHash": "sha256-Ls2wr69YKMDUBHKgOB4Im01dQ9V2WURHSx4NWN8Zu1M=",
        "owner": "solarized",
        "repo": "xresources",
        "rev": "025ceddbddf55f2eb4ab40b05889148aab9699fc",
        "type": "github"
      },
      "original": {
        "owner": "solarized",
        "repo": "xresources",
        "type": "github"
      }
    },
    "zsh-async": {
      "flake": false,
      "locked": {
        "lastModified": 1672955751,
        "narHash": "sha256-mkTmgSnfoZlTaOPhw0Y0yG1BkZv+oTo/eEisZZTN5nM=",
        "owner": "mafredri",
        "repo": "zsh-async",
        "rev": "ee1d11b68c38dec24c22b1c51a45e8a815a79756",
        "type": "github"
      },
      "original": {
        "owner": "mafredri",
        "repo": "zsh-async",
        "type": "github"
      }
    },
    "zsh-auto-notify": {
      "flake": false,
      "locked": {
        "lastModified": 1685710903,
        "narHash": "sha256-x+6UPghRB64nxuhJcBaPQ1kPhsDx3HJv0TLJT5rjZpA=",
        "owner": "MichaelAquilina",
        "repo": "zsh-auto-notify",
        "rev": "22b2c61ed18514b4002acc626d7f19aa7cb2e34c",
        "type": "github"
      },
      "original": {
        "owner": "MichaelAquilina",
        "repo": "zsh-auto-notify",
        "type": "github"
      }
    }
  },
  "root": "root",
  "version": 7
}
