{
  "nodes": {
    "cataclysm-dda": {
      "flake": false,
      "locked": {
        "lastModified": 1632258359,
        "narHash": "sha256-Jdp9mho362KDWQmnNM/KJoZHjHTggz7KYThvfw3uSao=",
        "owner": "CleverRaven",
        "repo": "Cataclysm-DDA",
        "rev": "99dc03c98ebb829f91073a0bb5dd624f85bcd1b6",
        "type": "github"
      },
      "original": {
        "owner": "CleverRaven",
        "repo": "Cataclysm-DDA",
        "type": "github"
      }
    },
    "dircolors-solarized": {
      "flake": false,
      "locked": {
        "lastModified": 1618811120,
        "narHash": "sha256-d5CTM5EzX/L5Ydj4Rl+KZs1xbLJJ52OBiqQ6IPWUaIY=",
        "owner": "seebi",
        "repo": "dircolors-solarized",
        "rev": "03393f25e241e45fe9341d7baaa2507fd9741a53",
        "type": "github"
      },
      "original": {
        "owner": "seebi",
        "repo": "dircolors-solarized",
        "type": "github"
      }
    },
    "flake-utils": {
      "locked": {
        "lastModified": 1631561581,
        "narHash": "sha256-3VQMV5zvxaVLvqqUrNz3iJelLw30mIVSfZmAaauM3dA=",
        "owner": "numtide",
        "repo": "flake-utils",
        "rev": "7e5bf3925f6fbdfaf50a2a7ca0be2879c4261d19",
        "type": "github"
      },
      "original": {
        "owner": "numtide",
        "repo": "flake-utils",
        "type": "github"
      }
    },
    "gef": {
      "flake": false,
      "locked": {
        "lastModified": 1632270519,
        "narHash": "sha256-/xIlcPv7quzzwRx78OVvJnfwraHRXaEb0fnTMWhCQtw=",
        "owner": "hugsy",
        "repo": "gef",
        "rev": "860facfd1ba8dac1fe3f600b2246b16e96f2bcc1",
        "type": "github"
      },
      "original": {
        "owner": "hugsy",
        "ref": "dev",
        "repo": "gef",
        "type": "github"
      }
    },
    "gef-extras": {
      "flake": false,
      "locked": {
        "lastModified": 1629745218,
        "narHash": "sha256-m+6h4npl0cBtiJxaYbv/vBIw2Qp8gcWBScNkRQTzNiE=",
        "owner": "hugsy",
        "repo": "gef-extras",
        "rev": "dad28443bb190778f8f5718e790c7b3f3a364022",
        "type": "github"
      },
      "original": {
        "owner": "hugsy",
        "repo": "gef-extras",
        "type": "github"
      }
    },
    "home-manager": {
      "inputs": {
        "nixpkgs": [
          "nixos-unstable"
        ]
      },
      "locked": {
        "lastModified": 1632256651,
        "narHash": "sha256-+jbZKohfqTjp/5SwudwIhYzmFqmGDlIG99V5lOE4Yjg=",
        "owner": "nix-community",
        "repo": "home-manager",
        "rev": "58aa667e28ca4a6a2159b1f3258ef5d494d5ecb6",
        "type": "github"
      },
      "original": {
        "owner": "nix-community",
        "repo": "home-manager",
        "type": "github"
      }
    },
    "keystone-engine": {
      "flake": false,
      "locked": {
        "lastModified": 1626806262,
        "narHash": "sha256-AHvzu8jxbmIEQVbippsOwW1QCRPSnjGY7NN3e72nga4=",
        "owner": "keystone-engine",
        "repo": "keystone",
        "rev": "1475885daa7e566c064ae9754706e1a0ba24be3b",
        "type": "github"
      },
      "original": {
        "owner": "keystone-engine",
        "repo": "keystone",
        "type": "github"
      }
    },
    "lutris-6_5": {
      "flake": false,
      "locked": {
        "lastModified": 1617136800,
        "narHash": "sha256-sAxAoznTlX8gYp2F8yOR0ZH+b42UOHE9+vc3ZXlXTy4=",
        "owner": "lutris",
        "repo": "wine",
        "rev": "80455bfeab104fe29a47fe23c285ada9bb79cea1",
        "type": "github"
      },
      "original": {
        "owner": "lutris",
        "ref": "lutris-6.5",
        "repo": "wine",
        "type": "github"
      }
    },
    "mutt-colors-solarized": {
      "flake": false,
      "locked": {
        "lastModified": 1301122944,
        "narHash": "sha256-UWQ4M3/4PsZzt3UZguy10WufXDOp7IKABzgVjkGNJNQ=",
        "owner": "altercation",
        "repo": "mutt-colors-solarized",
        "rev": "3b23c55eb43849975656dd89e3f35dacd2b93e69",
        "type": "github"
      },
      "original": {
        "owner": "altercation",
        "repo": "mutt-colors-solarized",
        "type": "github"
      }
    },
    "nixos-stable": {
      "locked": {
        "lastModified": 1632176121,
        "narHash": "sha256-N2oSOhbW38rbc53R1R8qXC/Xstht1PIsAcTzJfmCpTc=",
        "owner": "NixOS",
        "repo": "nixpkgs",
        "rev": "3397f0ede9ea2ded1f8b6fa689dda71a7a67b806",
        "type": "github"
      },
      "original": {
        "owner": "NixOS",
        "ref": "nixos-21.05",
        "repo": "nixpkgs",
        "type": "github"
      }
    },
    "nixos-unstable": {
      "locked": {
        "lastModified": 1631962327,
        "narHash": "sha256-h2fgtNHozEcB42BQ1QVWAJUpQ1FA3gpgq/RrOKAxbfE=",
        "owner": "NixOS",
        "repo": "nixpkgs",
        "rev": "bc9b956714ed6eac5f8888322aac5bc41389defa",
        "type": "github"
      },
      "original": {
        "owner": "NixOS",
        "ref": "nixos-unstable",
        "repo": "nixpkgs",
        "type": "github"
      }
    },
    "nixpkgs-master": {
      "locked": {
        "lastModified": 1632270355,
        "narHash": "sha256-X7arFrl9OTwouy4RIcXC/8DumzWLgHzQMjswN9E16n8=",
        "owner": "NixOS",
        "repo": "nixpkgs",
        "rev": "b27635650bc07b153fa8e177872db3a9960b09ea",
        "type": "github"
      },
      "original": {
        "owner": "NixOS",
        "ref": "master",
        "repo": "nixpkgs",
        "type": "github"
      }
    },
    "nur": {
      "locked": {
        "lastModified": 1632257874,
        "narHash": "sha256-WGFotQ/wBqCzFwkFxiIePLaPAoHrfbbH3c9xZ+wUu1A=",
        "owner": "nix-community",
        "repo": "NUR",
        "rev": "ed223afb5466e84e0a04a70c1a9fb87577011852",
        "type": "github"
      },
      "original": {
        "owner": "nix-community",
        "repo": "NUR",
        "type": "github"
      }
    },
    "picom": {
      "flake": false,
      "locked": {
        "lastModified": 1632240078,
        "narHash": "sha256-XZCNgAfhAPXZQMiDuqHoLN+LsyFnaALLubYob1ZCG/I=",
        "owner": "yshui",
        "repo": "picom",
        "rev": "de959f910b646f2f064cad54a40e931e2ccefd2d",
        "type": "github"
      },
      "original": {
        "owner": "yshui",
        "ref": "next",
        "repo": "picom",
        "type": "github"
      }
    },
    "root": {
      "inputs": {
        "cataclysm-dda": "cataclysm-dda",
        "dircolors-solarized": "dircolors-solarized",
        "flake-utils": "flake-utils",
        "gef": "gef",
        "gef-extras": "gef-extras",
        "home-manager": "home-manager",
        "keystone-engine": "keystone-engine",
        "lutris-6_5": "lutris-6_5",
        "mutt-colors-solarized": "mutt-colors-solarized",
        "nixos-stable": "nixos-stable",
        "nixos-unstable": "nixos-unstable",
        "nixpkgs-master": "nixpkgs-master",
        "nur": "nur",
        "picom": "picom",
        "tinyfugue-patched": "tinyfugue-patched",
        "vim-solarized8": "vim-solarized8",
        "xresources-solarized": "xresources-solarized",
        "zsh-async": "zsh-async",
        "zsh-auto-notify": "zsh-auto-notify"
      }
    },
    "tinyfugue-patched": {
      "flake": false,
      "locked": {
        "lastModified": 1632229801,
        "narHash": "sha256-Km9Kv2HLtPNPywFN5LWiHn3P06sCqo2w/UparhJ8Xrg=",
        "owner": "ingwarsw",
        "repo": "tinyfugue",
        "rev": "8eaedf109a47c32288f8f5cfcf746ec099a26e31",
        "type": "github"
      },
      "original": {
        "owner": "ingwarsw",
        "repo": "tinyfugue",
        "type": "github"
      }
    },
    "vim-solarized8": {
      "flake": false,
      "locked": {
        "lastModified": 1619289479,
        "narHash": "sha256-usnDuV0EJ7jD0eB+/NLIhLRle865hbbuF7MC33R3AG8=",
        "owner": "lifepillar",
        "repo": "vim-solarized8",
        "rev": "28b81a4263054f9584a98f94cca3e42815d44725",
        "type": "github"
      },
      "original": {
        "owner": "lifepillar",
        "repo": "vim-solarized8",
        "type": "github"
      }
    },
    "xresources-solarized": {
      "flake": false,
      "locked": {
        "lastModified": 1430001079,
        "narHash": "sha256-Ls2wr69YKMDUBHKgOB4Im01dQ9V2WURHSx4NWN8Zu1M=",
        "owner": "solarized",
        "repo": "xresources",
        "rev": "025ceddbddf55f2eb4ab40b05889148aab9699fc",
        "type": "github"
      },
      "original": {
        "owner": "solarized",
        "repo": "xresources",
        "type": "github"
      }
    },
    "zsh-async": {
      "flake": false,
      "locked": {
        "lastModified": 1614790055,
        "narHash": "sha256-7DFAu0Ts3tFb2LRipvT7JcBtjyIC/+Rd1FGokID5284=",
        "owner": "mafredri",
        "repo": "zsh-async",
        "rev": "a61239dd55028eec173374883809f439c93d292b",
        "type": "github"
      },
      "original": {
        "owner": "mafredri",
        "repo": "zsh-async",
        "type": "github"
      }
    },
    "zsh-auto-notify": {
      "flake": false,
      "locked": {
        "lastModified": 1567760450,
        "narHash": "sha256-bY0qLX5Kpt2x4KnfvXjYK2+BhR3zKBgGsCvIxSzApws=",
        "owner": "MichaelAquilina",
        "repo": "zsh-auto-notify",
        "rev": "fb38802d331408e2ebc8e6745fb8e50356344aa4",
        "type": "github"
      },
      "original": {
        "owner": "MichaelAquilina",
        "repo": "zsh-auto-notify",
        "type": "github"
      }
    }
  },
  "root": "root",
  "version": 7
}
