{
  "nodes": {
    "cataclysm-dda": {
      "flake": false,
      "locked": {
        "lastModified": 1734911059,
        "narHash": "sha256-GjVNiJLyRSNCoNqN6EHu8L6ctbPBxSYMex+aMn24J8U=",
        "owner": "CleverRaven",
        "repo": "Cataclysm-DDA",
        "rev": "48dfdab8ca1101137b45f61f2df26599e0ceddfa",
        "type": "github"
      },
      "original": {
        "owner": "CleverRaven",
        "repo": "Cataclysm-DDA",
        "type": "github"
      }
    },
    "cataclysm-dda-elf-crops": {
      "flake": false,
      "locked": {
        "lastModified": 1616184902,
        "narHash": "sha256-6+tOTN6eb7atEVFcLiZt75qgRRhPGMov/uj4nbRDLns=",
        "owner": "OromisElf",
        "repo": "ElfCrops",
        "rev": "55a9fbd4ff04295c9d1ac58826457048d37cb9ae",
        "type": "github"
      },
      "original": {
        "owner": "OromisElf",
        "repo": "ElfCrops",
        "type": "github"
      }
    },
    "cataclysm-dda-grow-more-drugs": {
      "flake": false,
      "locked": {
        "lastModified": 1717435648,
        "narHash": "sha256-ZiCYiAyboURnw626y1KyCHkymlcjHDKZd8KW8OxQsRw=",
        "owner": "jackledead",
        "repo": "grow_more_drugs",
        "rev": "9de05832c497456132a74a5857d1abc1b8fd2f16",
        "type": "github"
      },
      "original": {
        "owner": "jackledead",
        "repo": "grow_more_drugs",
        "type": "github"
      }
    },
    "cataclysm-dda-mining-mod": {
      "flake": false,
      "locked": {
        "lastModified": 1732539230,
        "narHash": "sha256-CUQJwNL7EYQZZqKtPxFyOFxGQ0KWYiiha62gjW1FoO0=",
        "owner": "DangerNoodle",
        "repo": "mining-mod",
        "rev": "08c4ff60164a1a4f8dd7bf7b1e2edfe26479f413",
        "type": "github"
      },
      "original": {
        "owner": "DangerNoodle",
        "repo": "mining-mod",
        "type": "github"
      }
    },
    "cataclysm-dda-no-class-limit": {
      "flake": false,
      "locked": {
        "lastModified": 1687946973,
        "narHash": "sha256-c5IbXI93kUFG4bzujUaRqRKXb3kkf5k5wO7e+nSxLMk=",
        "owner": "martinrhan",
        "repo": "Magiclysm_No_Class_Limit",
        "rev": "3499ed5e0e2cde3f0d9e87751b2fdca069d89e51",
        "type": "github"
      },
      "original": {
        "owner": "martinrhan",
        "repo": "Magiclysm_No_Class_Limit",
        "type": "github"
      }
    },
    "cdda-sounds": {
      "flake": false,
      "locked": {
        "lastModified": 1730044367,
        "narHash": "sha256-ihp2hsxw11ONXrRoTL3bGufJrLuMMhWZ+tpOMXKmt4A=",
        "ref": "refs/heads/main",
        "rev": "252e566580dff3c8d37a67fd1bc887a8198f7915",
        "revCount": 78,
        "submodules": true,
        "type": "git",
        "url": "https://github.com/Fris0uman/CDDA-Soundpacks"
      },
      "original": {
        "submodules": true,
        "type": "git",
        "url": "https://github.com/Fris0uman/CDDA-Soundpacks"
      }
    },
    "dircolors-solarized": {
      "flake": false,
      "locked": {
        "lastModified": 1734379459,
        "narHash": "sha256-8YvcLQL+zUWT/tn9MAeYVkFkkPSbZJ9JRsVw85bE/3s=",
        "owner": "seebi",
        "repo": "dircolors-solarized",
        "rev": "2249310a957977e523b62c7d916ba40c2165869c",
        "type": "github"
      },
      "original": {
        "owner": "seebi",
        "repo": "dircolors-solarized",
        "type": "github"
      }
    },
    "flake-parts": {
      "inputs": {
        "nixpkgs-lib": [
          "nur",
          "nixpkgs"
        ]
      },
      "locked": {
        "lastModified": 1733312601,
        "narHash": "sha256-4pDvzqnegAfRkPwO3wmwBhVi/Sye1mzps0zHWYnP88c=",
        "owner": "hercules-ci",
        "repo": "flake-parts",
        "rev": "205b12d8b7cd4802fbcb8e8ef6a0f1408781a4f9",
        "type": "github"
      },
      "original": {
        "owner": "hercules-ci",
        "repo": "flake-parts",
        "type": "github"
      }
    },
    "flake-utils": {
      "inputs": {
        "systems": "systems"
      },
      "locked": {
        "lastModified": 1731533236,
        "narHash": "sha256-l0KFg5HjrsfsO/JpG+r7fRrqm12kzFHyUHqHCVpMMbI=",
        "owner": "numtide",
        "repo": "flake-utils",
        "rev": "11707dc2f618dd54ca8739b309ec4fc024de578b",
        "type": "github"
      },
      "original": {
        "owner": "numtide",
        "repo": "flake-utils",
        "type": "github"
      }
    },
    "gef": {
      "flake": false,
      "locked": {
        "lastModified": 1733729440,
        "narHash": "sha256-HiFX7bjWZzHCenplWitYms+SvazgT+BI9XCtoLECPZI=",
        "owner": "hugsy",
        "repo": "gef",
        "rev": "283a7f63c28109f337bd830bc73e83bb282b73dd",
        "type": "github"
      },
      "original": {
        "owner": "hugsy",
        "repo": "gef",
        "type": "github"
      }
    },
    "gef-extras": {
      "flake": false,
      "locked": {
        "lastModified": 1728514492,
        "narHash": "sha256-F6LDlvKqd5X5dN7QOYvxDySHm+ziqG4+3p1EvlHFt7w=",
        "owner": "hugsy",
        "repo": "gef-extras",
        "rev": "eac4c06b19d94d823ba894d6601e0a8dcec80abd",
        "type": "github"
      },
      "original": {
        "owner": "hugsy",
        "repo": "gef-extras",
        "type": "github"
      }
    },
    "home-manager": {
      "inputs": {
        "nixpkgs": [
          "nixos-unstable"
        ]
      },
      "locked": {
        "lastModified": 1734893686,
        "narHash": "sha256-JUEZn9MmpLGsW4J3luSX+R4BhcThccYpYg5AuKW7zG0=",
        "owner": "nix-community",
        "repo": "home-manager",
        "rev": "edb8b00e4d17b2116b60eca50f38ac68f12b9ab4",
        "type": "github"
      },
      "original": {
        "owner": "nix-community",
        "repo": "home-manager",
        "type": "github"
      }
    },
    "mutt-colors-solarized": {
      "flake": false,
      "locked": {
        "lastModified": 1301122944,
        "narHash": "sha256-UWQ4M3/4PsZzt3UZguy10WufXDOp7IKABzgVjkGNJNQ=",
        "owner": "altercation",
        "repo": "mutt-colors-solarized",
        "rev": "3b23c55eb43849975656dd89e3f35dacd2b93e69",
        "type": "github"
      },
      "original": {
        "owner": "altercation",
        "repo": "mutt-colors-solarized",
        "type": "github"
      }
    },
    "nixos-stable": {
      "locked": {
        "lastModified": 1734529975,
        "narHash": "sha256-ze3IJksru9dN0keqUxY0WNf8xrwfs8Ty/z9v/keyBbg=",
        "owner": "NixOS",
        "repo": "nixpkgs",
        "rev": "72d11d40b9878a67c38f003c240c2d2e1811e72a",
        "type": "github"
      },
      "original": {
        "owner": "NixOS",
        "ref": "nixos-24.05",
        "repo": "nixpkgs",
        "type": "github"
      }
    },
    "nixos-unstable": {
      "locked": {
        "lastModified": 1734649271,
        "narHash": "sha256-4EVBRhOjMDuGtMaofAIqzJbg4Ql7Ai0PSeuVZTHjyKQ=",
        "owner": "NixOS",
        "repo": "nixpkgs",
        "rev": "d70bd19e0a38ad4790d3913bf08fcbfc9eeca507",
        "type": "github"
      },
      "original": {
        "owner": "NixOS",
        "ref": "nixos-unstable",
        "repo": "nixpkgs",
        "type": "github"
      }
    },
    "nixpkgs": {
      "locked": {
        "lastModified": 1734649271,
        "narHash": "sha256-4EVBRhOjMDuGtMaofAIqzJbg4Ql7Ai0PSeuVZTHjyKQ=",
        "owner": "nixos",
        "repo": "nixpkgs",
        "rev": "d70bd19e0a38ad4790d3913bf08fcbfc9eeca507",
        "type": "github"
      },
      "original": {
        "owner": "nixos",
        "ref": "nixos-unstable",
        "repo": "nixpkgs",
        "type": "github"
      }
    },
    "nixpkgs-master": {
      "locked": {
        "lastModified": 1734921707,
        "narHash": "sha256-dt6ucoAxc9fzZf1WUUrakoz3HA0DTvV/3sRn+uOU1as=",
        "owner": "NixOS",
        "repo": "nixpkgs",
        "rev": "4fc0c98feb3afc8e85465819cadcdc22b53f4715",
        "type": "github"
      },
      "original": {
        "owner": "NixOS",
        "ref": "master",
        "repo": "nixpkgs",
        "type": "github"
      }
    },
    "nixpkgs_2": {
      "locked": {
        "lastModified": 1728538411,
        "narHash": "sha256-f0SBJz1eZ2yOuKUr5CA9BHULGXVSn6miBuUWdTyhUhU=",
        "owner": "NixOS",
        "repo": "nixpkgs",
        "rev": "b69de56fac8c2b6f8fd27f2eca01dcda8e0a4221",
        "type": "github"
      },
      "original": {
        "owner": "NixOS",
        "ref": "nixpkgs-unstable",
        "repo": "nixpkgs",
        "type": "github"
      }
    },
    "nur": {
      "inputs": {
        "flake-parts": "flake-parts",
        "nixpkgs": "nixpkgs",
        "treefmt-nix": "treefmt-nix"
      },
      "locked": {
        "lastModified": 1734919918,
        "narHash": "sha256-W81xXvK8uB2ysEHN+d0qidvG6A/UyOaOj2AsutF/JCI=",
        "owner": "nix-community",
        "repo": "NUR",
        "rev": "135e406c11146a92883f6313925bf9fe2a3406aa",
        "type": "github"
      },
      "original": {
        "owner": "nix-community",
        "repo": "NUR",
        "type": "github"
      }
    },
    "root": {
      "inputs": {
        "cataclysm-dda": "cataclysm-dda",
        "cataclysm-dda-elf-crops": "cataclysm-dda-elf-crops",
        "cataclysm-dda-grow-more-drugs": "cataclysm-dda-grow-more-drugs",
        "cataclysm-dda-mining-mod": "cataclysm-dda-mining-mod",
        "cataclysm-dda-no-class-limit": "cataclysm-dda-no-class-limit",
        "cdda-sounds": "cdda-sounds",
        "dircolors-solarized": "dircolors-solarized",
        "flake-utils": "flake-utils",
        "gef": "gef",
        "gef-extras": "gef-extras",
        "home-manager": "home-manager",
        "mutt-colors-solarized": "mutt-colors-solarized",
        "nixos-stable": "nixos-stable",
        "nixos-unstable": "nixos-unstable",
        "nixpkgs-master": "nixpkgs-master",
        "nur": "nur",
        "rust-overlay": "rust-overlay",
        "tinyfugue-patched": "tinyfugue-patched",
        "vim-solarized8": "vim-solarized8",
        "xresources-solarized": "xresources-solarized",
        "zsh-async": "zsh-async",
        "zsh-auto-notify": "zsh-auto-notify"
      }
    },
    "rust-overlay": {
      "inputs": {
        "nixpkgs": "nixpkgs_2"
      },
      "locked": {
        "lastModified": 1734834660,
        "narHash": "sha256-bm8V+Cu8rWJA+vKQnc94mXTpSDgvedyoDKxTVi/uJfw=",
        "owner": "oxalica",
        "repo": "rust-overlay",
        "rev": "b070e6030118680977bc2388868c4b3963872134",
        "type": "github"
      },
      "original": {
        "owner": "oxalica",
        "repo": "rust-overlay",
        "type": "github"
      }
    },
    "systems": {
      "locked": {
        "lastModified": 1681028828,
        "narHash": "sha256-Vy1rq5AaRuLzOxct8nz4T6wlgyUR7zLU309k9mBC768=",
        "owner": "nix-systems",
        "repo": "default",
        "rev": "da67096a3b9bf56a91d16901293e51ba5b49a27e",
        "type": "github"
      },
      "original": {
        "owner": "nix-systems",
        "repo": "default",
        "type": "github"
      }
    },
    "tinyfugue-patched": {
      "flake": false,
      "locked": {
        "lastModified": 1731570099,
        "narHash": "sha256-OvESsEx0Q1iuyVx0QHMSdZoDlwFhDbaqYDnlIuFYIgc=",
        "owner": "ingwarsw",
        "repo": "tinyfugue",
        "rev": "3c80063282a55e1569f7bc536615119febdb5be5",
        "type": "github"
      },
      "original": {
        "owner": "ingwarsw",
        "repo": "tinyfugue",
        "type": "github"
      }
    },
    "treefmt-nix": {
      "inputs": {
        "nixpkgs": [
          "nur",
          "nixpkgs"
        ]
      },
      "locked": {
        "lastModified": 1733222881,
        "narHash": "sha256-JIPcz1PrpXUCbaccEnrcUS8jjEb/1vJbZz5KkobyFdM=",
        "owner": "numtide",
        "repo": "treefmt-nix",
        "rev": "49717b5af6f80172275d47a418c9719a31a78b53",
        "type": "github"
      },
      "original": {
        "owner": "numtide",
        "repo": "treefmt-nix",
        "type": "github"
      }
    },
    "vim-solarized8": {
      "flake": false,
      "locked": {
        "lastModified": 1719652250,
        "narHash": "sha256-qSdtFB0tCsbP6b7OBc/Fa57efdPqw4L4tQb2norr45g=",
        "owner": "lifepillar",
        "repo": "vim-solarized8",
        "rev": "c4fd8a45767dea23fe51816967cdb3c86436eaad",
        "type": "github"
      },
      "original": {
        "owner": "lifepillar",
        "repo": "vim-solarized8",
        "type": "github"
      }
    },
    "xresources-solarized": {
      "flake": false,
      "locked": {
        "lastModified": 1430001079,
        "narHash": "sha256-Ls2wr69YKMDUBHKgOB4Im01dQ9V2WURHSx4NWN8Zu1M=",
        "owner": "solarized",
        "repo": "xresources",
        "rev": "025ceddbddf55f2eb4ab40b05889148aab9699fc",
        "type": "github"
      },
      "original": {
        "owner": "solarized",
        "repo": "xresources",
        "type": "github"
      }
    },
    "zsh-async": {
      "flake": false,
      "locked": {
        "lastModified": 1672955751,
        "narHash": "sha256-mkTmgSnfoZlTaOPhw0Y0yG1BkZv+oTo/eEisZZTN5nM=",
        "owner": "mafredri",
        "repo": "zsh-async",
        "rev": "ee1d11b68c38dec24c22b1c51a45e8a815a79756",
        "type": "github"
      },
      "original": {
        "owner": "mafredri",
        "repo": "zsh-async",
        "type": "github"
      }
    },
    "zsh-auto-notify": {
      "flake": false,
      "locked": {
        "lastModified": 1720453411,
        "narHash": "sha256-ScBwky33leI8mFMpAz3Ng2Z0Gbou4EWMOAhkcMZAWIc=",
        "owner": "MichaelAquilina",
        "repo": "zsh-auto-notify",
        "rev": "27c07dddb42f05b199319a9b66473c8de7935856",
        "type": "github"
      },
      "original": {
        "owner": "MichaelAquilina",
        "repo": "zsh-auto-notify",
        "type": "github"
      }
    }
  },
  "root": "root",
  "version": 7
}
